
Microsoft Visual Studio Solution File, Format Version 12.00
# Visual Studio 15
VisualStudioVersion = 15.0.28307.539
MinimumVisualStudioVersion = 10.0.40219.1
Project("{FAE04EC0-301F-11D3-BF4B-00C04F79EFBC}") = "MVCAjax", "MVCAjax\MVCAjax.csproj", "{F3AEBA7B-FF4A-4CE5-A3C9-5AF9D261B998}"
EndProject
Global
	GlobalSection(SolutionConfigurationPlatforms) = preSolution
		Debug|Any CPU = Debug|Any CPU
		Release|Any CPU = Release|Any CPU
	EndGlobalSection
	GlobalSection(ProjectConfigurationPlatforms) = postSolution
		{F3AEBA7B-FF4A-4CE5-A3C9-5AF9D261B998}.Debug|Any CPU.ActiveCfg = Debug|Any CPU
		{F3AEBA7B-FF4A-4CE5-A3C9-5AF9D261B998}.Debug|Any CPU.Build.0 = Debug|Any CPU
		{F3AEBA7B-FF4A-4CE5-A3C9-5AF9D261B998}.Release|Any CPU.ActiveCfg = Release|Any CPU
		{F3AEBA7B-FF4A-4CE5-A3C9-5AF9D261B998}.Release|Any CPU.Build.0 = Release|Any CPU
	EndGlobalSection
	GlobalSection(SolutionProperties) = preSolution
		HideSolutionNode = FALSE
	EndGlobalSection
	GlobalSection(ExtensibilityGlobals) = postSolution
		SolutionGuid = {38B68B4E-1879-4B85-A76E-98DFFCC6E2F0}
	EndGlobalSection
EndGlobal
